
Microsoft Visual Studio Solution File, Format Version 12.00
# Visual Studio 15
VisualStudioVersion = 15.0.28010.2036
MinimumVisualStudioVersion = 10.0.40219.1
Project("{FAE04EC0-301F-11D3-BF4B-00C04F79EFBC}") = "ListaProdutos", "ListaProdutos\ListaProdutos.csproj", "{D90E34C4-F5DD-4770-9A5A-FE00A623E865}"
EndProject
Global
	GlobalSection(SolutionConfigurationPlatforms) = preSolution
		Debug|Any CPU = Debug|Any CPU
		Release|Any CPU = Release|Any CPU
	EndGlobalSection
	GlobalSection(ProjectConfigurationPlatforms) = postSolution
		{D90E34C4-F5DD-4770-9A5A-FE00A623E865}.Debug|Any CPU.ActiveCfg = Debug|Any CPU
		{D90E34C4-F5DD-4770-9A5A-FE00A623E865}.Debug|Any CPU.Build.0 = Debug|Any CPU
		{D90E34C4-F5DD-4770-9A5A-FE00A623E865}.Release|Any CPU.ActiveCfg = Release|Any CPU
		{D90E34C4-F5DD-4770-9A5A-FE00A623E865}.Release|Any CPU.Build.0 = Release|Any CPU
	EndGlobalSection
	GlobalSection(SolutionProperties) = preSolution
		HideSolutionNode = FALSE
	EndGlobalSection
	GlobalSection(ExtensibilityGlobals) = postSolution
		SolutionGuid = {0D4966B6-31EB-4AE1-AB78-9208BAFD663A}
	EndGlobalSection
EndGlobal
